
Microsoft Visual Studio Solution File, Format Version 12.00
# Visual Studio Version 17
VisualStudioVersion = 17.6.33723.286
MinimumVisualStudioVersion = 10.0.40219.1
Project("{9A19103F-16F7-4668-BE54-9A1E7A4F7556}") = "LidarLD20Driver", "LidarLD20\LidarLD20Driver.csproj", "{AF0CCCA2-0518-4D51-A258-42C259E2BB6F}"
EndProject
Project("{9A19103F-16F7-4668-BE54-9A1E7A4F7556}") = "TestLidar", "Example\TestLidar.csproj", "{691AAC61-1705-4D3F-9186-0459E32C6688}"
EndProject
Project("{2150E333-8FDC-42A3-9474-1A3956D46DE8}") = "Example", "Example", "{AB21A098-7BDC-42CA-B85E-BA301537825E}"
EndProject
Global
	GlobalSection(SolutionConfigurationPlatforms) = preSolution
		Debug|Any CPU = Debug|Any CPU
		Release|Any CPU = Release|Any CPU
	EndGlobalSection
	GlobalSection(ProjectConfigurationPlatforms) = postSolution
		{AF0CCCA2-0518-4D51-A258-42C259E2BB6F}.Debug|Any CPU.ActiveCfg = Debug|Any CPU
		{AF0CCCA2-0518-4D51-A258-42C259E2BB6F}.Debug|Any CPU.Build.0 = Debug|Any CPU
		{AF0CCCA2-0518-4D51-A258-42C259E2BB6F}.Release|Any CPU.ActiveCfg = Release|Any CPU
		{AF0CCCA2-0518-4D51-A258-42C259E2BB6F}.Release|Any CPU.Build.0 = Release|Any CPU
		{691AAC61-1705-4D3F-9186-0459E32C6688}.Debug|Any CPU.ActiveCfg = Debug|Any CPU
		{691AAC61-1705-4D3F-9186-0459E32C6688}.Debug|Any CPU.Build.0 = Debug|Any CPU
		{691AAC61-1705-4D3F-9186-0459E32C6688}.Release|Any CPU.ActiveCfg = Release|Any CPU
		{691AAC61-1705-4D3F-9186-0459E32C6688}.Release|Any CPU.Build.0 = Release|Any CPU
	EndGlobalSection
	GlobalSection(SolutionProperties) = preSolution
		HideSolutionNode = FALSE
	EndGlobalSection
	GlobalSection(NestedProjects) = preSolution
		{691AAC61-1705-4D3F-9186-0459E32C6688} = {AB21A098-7BDC-42CA-B85E-BA301537825E}
	EndGlobalSection
	GlobalSection(ExtensibilityGlobals) = postSolution
		SolutionGuid = {242461A2-837D-4C2D-AB7D-3181EBFF50D1}
	EndGlobalSection
EndGlobal
